{
  "name": "fakedir",
  "version": "1.0.0",
  "lockfileVersion": 3,
  "requires": true,
  "packages": {
    "": {
      "name": "fakedir",
      "version": "1.0.0",
      "license": "MIT",
      "devDependencies": {
        "esmock": "^2.7.0",
        "typescript": "^5.7.3"
      }
    },
    "node_modules/esmock": {
      "version": "2.7.0",
      "resolved": "https://registry.npmjs.org/esmock/-/esmock-2.7.0.tgz",
      "integrity": "sha512-nYSvky0rP//13eYIGJ7b1dhsaBxtS370UoDWbILo1jHlO4hrCUkp/LD3e54QVhySxAGLsufxi5A4+wUAxPUIrg==",
      "dev": true,
      "license": "ISC",
      "engines": {
        "node": ">=14.16.0"
      }
    },
    "node_modules/typescript": {
      "version": "5.7.3",
      "resolved": "https://registry.npmjs.org/typescript/-/typescript-5.7.3.tgz",
      "integrity": "sha512-84MVSjMEHP+FQRPy3pX9sTVV/INIex71s9TL2Gm5FG/WG1SqXeKyZ0k7/blY/4FdOzI12CBy1vGc4og/eus0fw==",
      "dev": true,
      "license": "Apache-2.0",
      "bin": {
        "tsc": "bin/tsc",
        "tsserver": "bin/tsserver"
      },
      "engines": {
        "node": ">=14.17"
      }
    }
  }
}
